{
    "_meta": {
        "hash": {
            "sha256": "9484b90bbc2f4f125353c8926d2ba38b0234766c5c40d706582610e651ba934d"
        },
        "pipfile-spec": 6,
        "requires": {
            "python_version": "3.9"
        },
        "sources": [
            {
                "name": "pypi",
                "url": "https://pypi.org/simple",
                "verify_ssl": true
            }
        ]
    },
    "default": {
        "customtkinter": {
            "hashes": [
                "sha256:8a284d035ccd5537730bc83816bf6c456538ae81594749a946c86470cab6e87b",
                "sha256:eddc1c416063e1ce1aa2793959b0814e95e22d3de3f2a940bd84828f7301f555"
            ],
            "index": "pypi",
            "version": "==5.2.1"
        },
        "darkdetect": {
            "hashes": [
                "sha256:a7509ccf517eaad92b31c214f593dbcf138ea8a43b2935406bbd565e15527a85",
                "sha256:b5428e1170263eb5dea44c25dc3895edd75e6f52300986353cd63533fe7df8b1"
            ],
            "markers": "python_version >= '3.6'",
            "version": "==0.8.0"
        }
    },
    "develop": {}
}
